
Microsoft Visual Studio Solution File, Format Version 12.00
# Visual Studio Version 17
VisualStudioVersion = 17.11.35208.52
MinimumVisualStudioVersion = 10.0.40219.1
Project("{FAE04EC0-301F-11D3-BF4B-00C04F79EFBC}") = "DingConnect", "DingConnect\DingConnect.csproj", "{55F6FDA8-03E1-47E0-9E35-33BED1FD4685}"
EndProject
Project("{FAE04EC0-301F-11D3-BF4B-00C04F79EFBC}") = "DingTopUp.Core", "DingTopUp.Core\DingTopUp.Core.csproj", "{03BC1C17-331F-4F5C-8670-86ECA00F528B}"
EndProject
Project("{FAE04EC0-301F-11D3-BF4B-00C04F79EFBC}") = "DingTopUp.Integration", "DingTopUp.Integration\DingTopUp.Integration.csproj", "{29475B2A-EF04-463C-A72F-5AC4850D059F}"
EndProject
Global
	GlobalSection(SolutionConfigurationPlatforms) = preSolution
		Debug|Any CPU = Debug|Any CPU
		Release|Any CPU = Release|Any CPU
	EndGlobalSection
	GlobalSection(ProjectConfigurationPlatforms) = postSolution
		{55F6FDA8-03E1-47E0-9E35-33BED1FD4685}.Debug|Any CPU.ActiveCfg = Debug|Any CPU
		{55F6FDA8-03E1-47E0-9E35-33BED1FD4685}.Debug|Any CPU.Build.0 = Debug|Any CPU
		{55F6FDA8-03E1-47E0-9E35-33BED1FD4685}.Release|Any CPU.ActiveCfg = Release|Any CPU
		{55F6FDA8-03E1-47E0-9E35-33BED1FD4685}.Release|Any CPU.Build.0 = Release|Any CPU
		{03BC1C17-331F-4F5C-8670-86ECA00F528B}.Debug|Any CPU.ActiveCfg = Debug|Any CPU
		{03BC1C17-331F-4F5C-8670-86ECA00F528B}.Debug|Any CPU.Build.0 = Debug|Any CPU
		{03BC1C17-331F-4F5C-8670-86ECA00F528B}.Release|Any CPU.ActiveCfg = Release|Any CPU
		{03BC1C17-331F-4F5C-8670-86ECA00F528B}.Release|Any CPU.Build.0 = Release|Any CPU
		{29475B2A-EF04-463C-A72F-5AC4850D059F}.Debug|Any CPU.ActiveCfg = Debug|Any CPU
		{29475B2A-EF04-463C-A72F-5AC4850D059F}.Debug|Any CPU.Build.0 = Debug|Any CPU
		{29475B2A-EF04-463C-A72F-5AC4850D059F}.Release|Any CPU.ActiveCfg = Release|Any CPU
		{29475B2A-EF04-463C-A72F-5AC4850D059F}.Release|Any CPU.Build.0 = Release|Any CPU
	EndGlobalSection
	GlobalSection(SolutionProperties) = preSolution
		HideSolutionNode = FALSE
	EndGlobalSection
	GlobalSection(ExtensibilityGlobals) = postSolution
		SolutionGuid = {04A9E348-67C8-4BC9-8A85-7ABEF268E0B4}
	EndGlobalSection
EndGlobal
